
Microsoft Visual Studio Solution File, Format Version 12.00
# Visual Studio 15
VisualStudioVersion = 15.0.28307.489
MinimumVisualStudioVersion = 10.0.40219.1
Project("{FAE04EC0-301F-11D3-BF4B-00C04F79EFBC}") = "TimelineMaker", "Timeline Maker\TimelineMaker.csproj", "{86CCAA16-6E36-43B9-BA5C-657E53A9F9DF}"
EndProject
Global
	GlobalSection(SolutionConfigurationPlatforms) = preSolution
		Debug|x86 = Debug|x86
		Release|x86 = Release|x86
	EndGlobalSection
	GlobalSection(ProjectConfigurationPlatforms) = postSolution
		{86CCAA16-6E36-43B9-BA5C-657E53A9F9DF}.Debug|x86.ActiveCfg = Debug|x86
		{86CCAA16-6E36-43B9-BA5C-657E53A9F9DF}.Debug|x86.Build.0 = Debug|x86
		{86CCAA16-6E36-43B9-BA5C-657E53A9F9DF}.Release|x86.ActiveCfg = Release|x86
		{86CCAA16-6E36-43B9-BA5C-657E53A9F9DF}.Release|x86.Build.0 = Release|x86
	EndGlobalSection
	GlobalSection(SolutionProperties) = preSolution
		HideSolutionNode = FALSE
	EndGlobalSection
	GlobalSection(ExtensibilityGlobals) = postSolution
		SolutionGuid = {E20C3DA0-2046-4683-91F7-506F18C34A88}
	EndGlobalSection
	GlobalSection(TeamFoundationVersionControl) = preSolution
		SccNumberOfProjects = 2
		SccEnterpriseProvider = {4CA58AB2-18FA-4F8D-95D4-32DDF27D184C}
		SccTeamFoundationServer = https://dev.azure.com/sheastadevelopment
		SccLocalPath0 = .
		SccProjectUniqueName1 = Timeline\u0020Maker\\TimelineMaker.csproj
		SccProjectName1 = Timeline\u0020Maker
		SccLocalPath1 = Timeline\u0020Maker
	EndGlobalSection
EndGlobal
